PODS:
  - Reveal-SDK (24.1.1)
  - gRPC-Core (27.1.1)
  - SDWebImage (11.1.1)
  - FirebaseInstanceID (1.1.1)
  - TensorFlowLiteObjC (7.1.1)
  

DEPENDENCIES:
  - Reveal-SDK (= 24)

SPEC REPOS:
  trunk:
    - Reveal-SDK

SPEC CHECKSUMS:
  Reveal-SDK: 5d7e56b8f018c0a88b3a2c10bf68d598bbd3b071

PODFILE CHECKSUM: 3558c3b60c01e8cff4f7b0ac1bd6ef19441afc81

COCOAPODS: 1.10.0
